
Microsoft Visual Studio Solution File, Format Version 12.00
# Visual Studio Version 16
VisualStudioVersion = 16.0.30320.27
MinimumVisualStudioVersion = 10.0.40219.1
Project("{FAE04EC0-301F-11D3-BF4B-00C04F79EFBC}") = "UnderMineControl", "UnderMineControl\UnderMineControl.csproj", "{8AEB8E37-E926-482B-AF0D-1C6213E9E858}"
EndProject
Project("{2150E333-8FDC-42A3-9474-1A3956D46DE8}") = "Api", "Api", "{2FC73064-7A35-4D49-AE40-FD83ECAD33D2}"
EndProject
Project("{2150E333-8FDC-42A3-9474-1A3956D46DE8}") = "Solution Items", "Solution Items", "{F98E3391-5A12-4A42-857A-A3C9BF77861F}"
	ProjectSection(SolutionItems) = preProject
		LICENSE = LICENSE
		README.md = README.md
	EndProjectSection
EndProject
Project("{FAE04EC0-301F-11D3-BF4B-00C04F79EFBC}") = "UnderMineControl.API", "UnderMineControl.API\UnderMineControl.API.csproj", "{931DF043-C316-43A1-B57E-4E57D426A4C0}"
EndProject
Global
	GlobalSection(SolutionConfigurationPlatforms) = preSolution
		Debug|Any CPU = Debug|Any CPU
		Release|Any CPU = Release|Any CPU
	EndGlobalSection
	GlobalSection(ProjectConfigurationPlatforms) = postSolution
		{8AEB8E37-E926-482B-AF0D-1C6213E9E858}.Debug|Any CPU.ActiveCfg = Debug|Any CPU
		{8AEB8E37-E926-482B-AF0D-1C6213E9E858}.Debug|Any CPU.Build.0 = Debug|Any CPU
		{8AEB8E37-E926-482B-AF0D-1C6213E9E858}.Release|Any CPU.ActiveCfg = Release|Any CPU
		{8AEB8E37-E926-482B-AF0D-1C6213E9E858}.Release|Any CPU.Build.0 = Release|Any CPU
		{931DF043-C316-43A1-B57E-4E57D426A4C0}.Debug|Any CPU.ActiveCfg = Debug|Any CPU
		{931DF043-C316-43A1-B57E-4E57D426A4C0}.Debug|Any CPU.Build.0 = Debug|Any CPU
		{931DF043-C316-43A1-B57E-4E57D426A4C0}.Release|Any CPU.ActiveCfg = Release|Any CPU
		{931DF043-C316-43A1-B57E-4E57D426A4C0}.Release|Any CPU.Build.0 = Release|Any CPU
	EndGlobalSection
	GlobalSection(SolutionProperties) = preSolution
		HideSolutionNode = FALSE
	EndGlobalSection
	GlobalSection(NestedProjects) = preSolution
		{8AEB8E37-E926-482B-AF0D-1C6213E9E858} = {2FC73064-7A35-4D49-AE40-FD83ECAD33D2}
		{931DF043-C316-43A1-B57E-4E57D426A4C0} = {2FC73064-7A35-4D49-AE40-FD83ECAD33D2}
	EndGlobalSection
	GlobalSection(ExtensibilityGlobals) = postSolution
		SolutionGuid = {A31B1B4B-6061-4802-AC55-9FCB40D4C647}
	EndGlobalSection
EndGlobal
